// !$*UTF8*$!
{
	archiveVersion = 1;
	classes = {
	};
	objectVersion = 46;
	objects = {

/* Begin PBXBuildFile section */
		F61873A11C29FB8A00080865 /* AppDelegate.swift in Sources */ = {isa = PBXBuildFile; fileRef = F61873A01C29FB8A00080865 /* AppDelegate.swift */; };
		F61873A31C29FB8A00080865 /* ViewController.swift in Sources */ = {isa = PBXBuildFile; fileRef = F61873A21C29FB8A00080865 /* ViewController.swift */; };
		F61873A61C29FB8A00080865 /* Main.storyboard in Resources */ = {isa = PBXBuildFile; fileRef = F61873A41C29FB8A00080865 /* Main.storyboard */; };
		F61873A81C29FB8A00080865 /* Assets.xcassets in Resources */ = {isa = PBXBuildFile; fileRef = F61873A71C29FB8A00080865 /* Assets.xcassets */; };
		F61873AB1C29FB8A00080865 /* LaunchScreen.storyboard in Resources */ = {isa = PBXBuildFile; fileRef = F61873A91C29FB8A00080865 /* LaunchScreen.storyboard */; };
		F61873B31C29FDD300080865 /* Dr. Rude - Kalavela Shot Me Down.mp3 in Resources */ = {isa = PBXBuildFile; fileRef = F61873B21C29FDD300080865 /* Dr. Rude - Kalavela Shot Me Down.mp3 */; };
		F61873B51C29FDDC00080865 /* 27 Drunken Masta.mp3 in Resources */ = {isa = PBXBuildFile; fileRef = F61873B41C29FDDC00080865 /* 27 Drunken Masta.mp3 */; };
		F61873B71C29FDE800080865 /* Electronic Vibes - True Frontliner (A Dedication to Frontliner).mp3 in Resources */ = {isa = PBXBuildFile; fileRef = F61873B61C29FDE800080865 /* Electronic Vibes - True Frontliner (A Dedication to Frontliner).mp3 */; };
		F61873BB1C2A43B300080865 /* gunz.jpg in Resources */ = {isa = PBXBuildFile; fileRef = F61873B81C2A43B300080865 /* gunz.jpg */; };
		F61873BC1C2A43B300080865 /* summer.png in Resources */ = {isa = PBXBuildFile; fileRef = F61873B91C2A43B300080865 /* summer.png */; };
		F61873BD1C2A43B300080865 /* psyko.png in Resources */ = {isa = PBXBuildFile; fileRef = F61873BA1C2A43B300080865 /* psyko.png */; };
/* End PBXBuildFile section */

/* Begin PBXFileReference section */
		F618739D1C29FB8A00080865 /* reproductor.app */ = {isa = PBXFileReference; explicitFileType = wrapper.application; includeInIndex = 0; path = reproductor.app; sourceTree = BUILT_PRODUCTS_DIR; };
		F61873A01C29FB8A00080865 /* AppDelegate.swift */ = {isa = PBXFileReference; lastKnownFileType = sourcecode.swift; path = AppDelegate.swift; sourceTree = "<group>"; };
		F61873A21C29FB8A00080865 /* ViewController.swift */ = {isa = PBXFileReference; lastKnownFileType = sourcecode.swift; path = ViewController.swift; sourceTree = "<group>"; };
		F61873A51C29FB8A00080865 /* Base */ = {isa = PBXFileReference; lastKnownFileType = file.storyboard; name = Base; path = Base.lproj/Main.storyboard; sourceTree = "<group>"; };
		F61873A71C29FB8A00080865 /* Assets.xcassets */ = {isa = PBXFileReference; lastKnownFileType = folder.assetcatalog; path = Assets.xcassets; sourceTree = "<group>"; };
		F61873AA1C29FB8A00080865 /* Base */ = {isa = PBXFileReference; lastKnownFileType = file.storyboard; name = Base; path = Base.lproj/LaunchScreen.storyboard; sourceTree = "<group>"; };
		F61873AC1C29FB8A00080865 /* Info.plist */ = {isa = PBXFileReference; lastKnownFileType = text.plist.xml; path = Info.plist; sourceTree = "<group>"; };
		F61873B21C29FDD300080865 /* Dr. Rude - Kalavela Shot Me Down.mp3 */ = {isa = PBXFileReference; lastKnownFileType = audio.mp3; path = "Dr. Rude - Kalavela Shot Me Down.mp3"; sourceTree = "<group>"; };
		F61873B41C29FDDC00080865 /* 27 Drunken Masta.mp3 */ = {isa = PBXFileReference; lastKnownFileType = audio.mp3; path = "27 Drunken Masta.mp3"; sourceTree = "<group>"; };
		F61873B61C29FDE800080865 /* Electronic Vibes - True Frontliner (A Dedication to Frontliner).mp3 */ = {isa = PBXFileReference; lastKnownFileType = audio.mp3; path = "Electronic Vibes - True Frontliner (A Dedication to Frontliner).mp3"; sourceTree = "<group>"; };
		F61873B81C2A43B300080865 /* gunz.jpg */ = {isa = PBXFileReference; lastKnownFileType = image.jpeg; path = gunz.jpg; sourceTree = "<group>"; };
		F61873B91C2A43B300080865 /* summer.png */ = {isa = PBXFileReference; lastKnownFileType = image.png; path = summer.png; sourceTree = "<group>"; };
		F61873BA1C2A43B300080865 /* psyko.png */ = {isa = PBXFileReference; lastKnownFileType = image.png; path = psyko.png; sourceTree = "<group>"; };
/* End PBXFileReference section */

/* Begin PBXFrameworksBuildPhase section */
		F618739A1C29FB8A00080865 /* Frameworks */ = {
			isa = PBXFrameworksBuildPhase;
			buildActionMask = 2147483647;
			files = (
			);
			runOnlyForDeploymentPostprocessing = 0;
		};
/* End PBXFrameworksBuildPhase section */

/* Begin PBXGroup section */
		F61873941C29FB8A00080865 = {
			isa = PBXGroup;
			children = (
				F618739F1C29FB8A00080865 /* reproductor */,
				F618739E1C29FB8A00080865 /* Products */,
			);
			sourceTree = "<group>";
		};
		F618739E1C29FB8A00080865 /* Products */ = {
			isa = PBXGroup;
			children = (
				F618739D1C29FB8A00080865 /* reproductor.app */,
			);
			name = Products;
			sourceTree = "<group>";
		};
		F618739F1C29FB8A00080865 /* reproductor */ = {
			isa = PBXGroup;
			children = (
				F61873A01C29FB8A00080865 /* AppDelegate.swift */,
				F61873A21C29FB8A00080865 /* ViewController.swift */,
				F61873A41C29FB8A00080865 /* Main.storyboard */,
				F61873A71C29FB8A00080865 /* Assets.xcassets */,
				F61873B21C29FDD300080865 /* Dr. Rude - Kalavela Shot Me Down.mp3 */,
				F61873B81C2A43B300080865 /* gunz.jpg */,
				F61873B91C2A43B300080865 /* summer.png */,
				F61873BA1C2A43B300080865 /* psyko.png */,
				F61873B41C29FDDC00080865 /* 27 Drunken Masta.mp3 */,
				F61873B61C29FDE800080865 /* Electronic Vibes - True Frontliner (A Dedication to Frontliner).mp3 */,
				F61873A91C29FB8A00080865 /* LaunchScreen.storyboard */,
				F61873AC1C29FB8A00080865 /* Info.plist */,
			);
			path = reproductor;
			sourceTree = "<group>";
		};
/* End PBXGroup section */

/* Begin PBXNativeTarget section */
		F618739C1C29FB8A00080865 /* reproductor */ = {
			isa = PBXNativeTarget;
			buildConfigurationList = F61873AF1C29FB8A00080865 /* Build configuration list for PBXNativeTarget "reproductor" */;
			buildPhases = (
				F61873991C29FB8A00080865 /* Sources */,
				F618739A1C29FB8A00080865 /* Frameworks */,
				F618739B1C29FB8A00080865 /* Resources */,
			);
			buildRules = (
			);
			dependencies = (
			);
			name = reproductor;
			productName = reproductor;
			productReference = F618739D1C29FB8A00080865 /* reproductor.app */;
			productType = "com.apple.product-type.application";
		};
/* End PBXNativeTarget section */

/* Begin PBXProject section */
		F61873951C29FB8A00080865 /* Project object */ = {
			isa = PBXProject;
			attributes = {
				LastSwiftUpdateCheck = 0720;
				LastUpgradeCheck = 0720;
				ORGANIZATIONNAME = "Seba Benavides";
				TargetAttributes = {
					F618739C1C29FB8A00080865 = {
						CreatedOnToolsVersion = 7.2;
						DevelopmentTeam = 5B56FDNMGZ;
					};
				};
			};
			buildConfigurationList = F61873981C29FB8A00080865 /* Build configuration list for PBXProject "reproductor" */;
			compatibilityVersion = "Xcode 3.2";
			developmentRegion = English;
			hasScannedForEncodings = 0;
			knownRegions = (
				en,
				Base,
			);
			mainGroup = F61873941C29FB8A00080865;
			productRefGroup = F618739E1C29FB8A00080865 /* Products */;
			projectDirPath = "";
			projectRoot = "";
			targets = (
				F618739C1C29FB8A00080865 /* reproductor */,
			);
		};
/* End PBXProject section */

/* Begin PBXResourcesBuildPhase section */
		F618739B1C29FB8A00080865 /* Resources */ = {
			isa = PBXResourcesBuildPhase;
			buildActionMask = 2147483647;
			files = (
				F61873B31C29FDD300080865 /* Dr. Rude - Kalavela Shot Me Down.mp3 in Resources */,
				F61873BC1C2A43B300080865 /* summer.png in Resources */,
				F61873B51C29FDDC00080865 /* 27 Drunken Masta.mp3 in Resources */,
				F61873B71C29FDE800080865 /* Electronic Vibes - True Frontliner (A Dedication to Frontliner).mp3 in Resources */,
				F61873AB1C29FB8A00080865 /* LaunchScreen.storyboard in Resources */,
				F61873A81C29FB8A00080865 /* Assets.xcassets in Resources */,
				F61873A61C29FB8A00080865 /* Main.storyboard in Resources */,
				F61873BD1C2A43B300080865 /* psyko.png in Resources */,
				F61873BB1C2A43B300080865 /* gunz.jpg in Resources */,
			);
			runOnlyForDeploymentPostprocessing = 0;
		};
/* End PBXResourcesBuildPhase section */

/* Begin PBXSourcesBuildPhase section */
		F61873991C29FB8A00080865 /* Sources */ = {
			isa = PBXSourcesBuildPhase;
			buildActionMask = 2147483647;
			files = (
				F61873A31C29FB8A00080865 /* ViewController.swift in Sources */,
				F61873A11C29FB8A00080865 /* AppDelegate.swift in Sources */,
			);
			runOnlyForDeploymentPostprocessing = 0;
		};
/* End PBXSourcesBuildPhase section */

/* Begin PBXVariantGroup section */
		F61873A41C29FB8A00080865 /* Main.storyboard */ = {
			isa = PBXVariantGroup;
			children = (
				F61873A51C29FB8A00080865 /* Base */,
			);
			name = Main.storyboard;
			sourceTree = "<group>";
		};
		F61873A91C29FB8A00080865 /* LaunchScreen.storyboard */ = {
			isa = PBXVariantGroup;
			children = (
				F61873AA1C29FB8A00080865 /* Base */,
			);
			name = LaunchScreen.storyboard;
			sourceTree = "<group>";
		};
/* End PBXVariantGroup section */

/* Begin XCBuildConfiguration section */
		F61873AD1C29FB8A00080865 /* Debug */ = {
			isa = XCBuildConfiguration;
			buildSettings = {
				ALWAYS_SEARCH_USER_PATHS = NO;
				CLANG_CXX_LANGUAGE_STANDARD = "gnu++0x";
				CLANG_CXX_LIBRARY = "libc++";
				CLANG_ENABLE_MODULES = YES;
				CLANG_ENABLE_OBJC_ARC = YES;
				CLANG_WARN_BOOL_CONVERSION = YES;
				CLANG_WARN_CONSTANT_CONVERSION = YES;
				CLANG_WARN_DIRECT_OBJC_ISA_USAGE = YES_ERROR;
				CLANG_WARN_EMPTY_BODY = YES;
				CLANG_WARN_ENUM_CONVERSION = YES;
				CLANG_WARN_INT_CONVERSION = YES;
				CLANG_WARN_OBJC_ROOT_CLASS = YES_ERROR;
				CLANG_WARN_UNREACHABLE_CODE = YES;
				CLANG_WARN__DUPLICATE_METHOD_MATCH = YES;
				"CODE_SIGN_IDENTITY[sdk=iphoneos*]" = "iPhone Developer";
				COPY_PHASE_STRIP = NO;
				DEBUG_INFORMATION_FORMAT = dwarf;
				ENABLE_STRICT_OBJC_MSGSEND = YES;
				ENABLE_TESTABILITY = YES;
				GCC_C_LANGUAGE_STANDARD = gnu99;
				GCC_DYNAMIC_NO_PIC = NO;
				GCC_NO_COMMON_BLOCKS = YES;
				GCC_OPTIMIZATION_LEVEL = 0;
				GCC_PREPROCESSOR_DEFINITIONS = (
					"DEBUG=1",
					"$(inherited)",
				);
				GCC_WARN_64_TO_32_BIT_CONVERSION = YES;
				GCC_WARN_ABOUT_RETURN_TYPE = YES_ERROR;
				GCC_WARN_UNDECLARED_SELECTOR = YES;
				GCC_WARN_UNINITIALIZED_AUTOS = YES_AGGRESSIVE;
				GCC_WARN_UNUSED_FUNCTION = YES;
				GCC_WARN_UNUSED_VARIABLE = YES;
				IPHONEOS_DEPLOYMENT_TARGET = 9.2;
				MTL_ENABLE_DEBUG_INFO = YES;
				ONLY_ACTIVE_ARCH = YES;
				SDKROOT = iphoneos;
				SWIFT_OPTIMIZATION_LEVEL = "-Onone";
			};
			name = Debug;
		};
		F61873AE1C29FB8A00080865 /* Release */ = {
			isa = XCBuildConfiguration;
			buildSettings = {
				ALWAYS_SEARCH_USER_PATHS = NO;
				CLANG_CXX_LANGUAGE_STANDARD = "gnu++0x";
				CLANG_CXX_LIBRARY = "libc++";
				CLANG_ENABLE_MODULES = YES;
				CLANG_ENABLE_OBJC_ARC = YES;
				CLANG_WARN_BOOL_CONVERSION = YES;
				CLANG_WARN_CONSTANT_CONVERSION = YES;
				CLANG_WARN_DIRECT_OBJC_ISA_USAGE = YES_ERROR;
				CLANG_WARN_EMPTY_BODY = YES;
				CLANG_WARN_ENUM_CONVERSION = YES;
				CLANG_WARN_INT_CONVERSION = YES;
				CLANG_WARN_OBJC_ROOT_CLASS = YES_ERROR;
				CLANG_WARN_UNREACHABLE_CODE = YES;
				CLANG_WARN__DUPLICATE_METHOD_MATCH = YES;
				"CODE_SIGN_IDENTITY[sdk=iphoneos*]" = "iPhone Developer";
				COPY_PHASE_STRIP = NO;
				DEBUG_INFORMATION_FORMAT = "dwarf-with-dsym";
				ENABLE_NS_ASSERTIONS = NO;
				ENABLE_STRICT_OBJC_MSGSEND = YES;
				GCC_C_LANGUAGE_STANDARD = gnu99;
				GCC_NO_COMMON_BLOCKS = YES;
				GCC_WARN_64_TO_32_BIT_CONVERSION = YES;
				GCC_WARN_ABOUT_RETURN_TYPE = YES_ERROR;
				GCC_WARN_UNDECLARED_SELECTOR = YES;
				GCC_WARN_UNINITIALIZED_AUTOS = YES_AGGRESSIVE;
				GCC_WARN_UNUSED_FUNCTION = YES;
				GCC_WARN_UNUSED_VARIABLE = YES;
				IPHONEOS_DEPLOYMENT_TARGET = 9.2;
				MTL_ENABLE_DEBUG_INFO = NO;
				SDKROOT = iphoneos;
				VALIDATE_PRODUCT = YES;
			};
			name = Release;
		};
		F61873B01C29FB8A00080865 /* Debug */ = {
			isa = XCBuildConfiguration;
			buildSettings = {
				ASSETCATALOG_COMPILER_APPICON_NAME = AppIcon;
				INFOPLIST_FILE = reproductor/Info.plist;
				LD_RUNPATH_SEARCH_PATHS = "$(inherited) @executable_path/Frameworks";
				PRODUCT_BUNDLE_IDENTIFIER = aaa.reproductor;
				PRODUCT_NAME = "$(TARGET_NAME)";
			};
			name = Debug;
		};
		F61873B11C29FB8A00080865 /* Release */ = {
			isa = XCBuildConfiguration;
			buildSettings = {
				ASSETCATALOG_COMPILER_APPICON_NAME = AppIcon;
				INFOPLIST_FILE = reproductor/Info.plist;
				LD_RUNPATH_SEARCH_PATHS = "$(inherited) @executable_path/Frameworks";
				PRODUCT_BUNDLE_IDENTIFIER = aaa.reproductor;
				PRODUCT_NAME = "$(TARGET_NAME)";
			};
			name = Release;
		};
/* End XCBuildConfiguration section */

/* Begin XCConfigurationList section */
		F61873981C29FB8A00080865 /* Build configuration list for PBXProject "reproductor" */ = {
			isa = XCConfigurationList;
			buildConfigurations = (
				F61873AD1C29FB8A00080865 /* Debug */,
				F61873AE1C29FB8A00080865 /* Release */,
			);
			defaultConfigurationIsVisible = 0;
			defaultConfigurationName = Release;
		};
		F61873AF1C29FB8A00080865 /* Build configuration list for PBXNativeTarget "reproductor" */ = {
			isa = XCConfigurationList;
			buildConfigurations = (
				F61873B01C29FB8A00080865 /* Debug */,
				F61873B11C29FB8A00080865 /* Release */,
			);
			defaultConfigurationIsVisible = 0;
			defaultConfigurationName = Release;
		};
/* End XCConfigurationList section */
	};
	rootObject = F61873951C29FB8A00080865 /* Project object */;
}
